
Microsoft Visual Studio Solution File, Format Version 12.00
# Visual Studio 15
VisualStudioVersion = 15.0.27428.2037
MinimumVisualStudioVersion = 10.0.40219.1
Project("{9A19103F-16F7-4668-BE54-9A1E7A4F7556}") = "MyAspNetWebApp", "MyAspNetWebApp\MyAspNetWebApp.csproj", "{651F2057-A031-439F-9F55-2383B174D1B6}"
EndProject
Project("{9A19103F-16F7-4668-BE54-9A1E7A4F7556}") = "ClassLibrary1", "ClassLibrary1\ClassLibrary1.csproj", "{2B8D21F4-243B-47F2-8BAD-80D33D4C0AC6}"
EndProject
Global
	GlobalSection(SolutionConfigurationPlatforms) = preSolution
		Debug|Any CPU = Debug|Any CPU
		Release|Any CPU = Release|Any CPU
		testConfig|Any CPU = testConfig|Any CPU
	EndGlobalSection
	GlobalSection(ProjectConfigurationPlatforms) = postSolution
		{651F2057-A031-439F-9F55-2383B174D1B6}.Debug|Any CPU.ActiveCfg = Debug|Any CPU
		{651F2057-A031-439F-9F55-2383B174D1B6}.Debug|Any CPU.Build.0 = Debug|Any CPU
		{651F2057-A031-439F-9F55-2383B174D1B6}.Release|Any CPU.ActiveCfg = Release|Any CPU
		{651F2057-A031-439F-9F55-2383B174D1B6}.Release|Any CPU.Build.0 = Release|Any CPU
		{651F2057-A031-439F-9F55-2383B174D1B6}.testConfig|Any CPU.ActiveCfg = testConfig|Any CPU
		{651F2057-A031-439F-9F55-2383B174D1B6}.testConfig|Any CPU.Build.0 = testConfig|Any CPU
		{2B8D21F4-243B-47F2-8BAD-80D33D4C0AC6}.Debug|Any CPU.ActiveCfg = Debug|Any CPU
		{2B8D21F4-243B-47F2-8BAD-80D33D4C0AC6}.Debug|Any CPU.Build.0 = Debug|Any CPU
		{2B8D21F4-243B-47F2-8BAD-80D33D4C0AC6}.Release|Any CPU.ActiveCfg = Release|Any CPU
		{2B8D21F4-243B-47F2-8BAD-80D33D4C0AC6}.Release|Any CPU.Build.0 = Release|Any CPU
		{2B8D21F4-243B-47F2-8BAD-80D33D4C0AC6}.testConfig|Any CPU.ActiveCfg = testConfig|Any CPU
		{2B8D21F4-243B-47F2-8BAD-80D33D4C0AC6}.testConfig|Any CPU.Build.0 = testConfig|Any CPU
	EndGlobalSection
	GlobalSection(SolutionProperties) = preSolution
		HideSolutionNode = FALSE
	EndGlobalSection
	GlobalSection(ExtensibilityGlobals) = postSolution
		SolutionGuid = {1188C8BD-A615-470E-994A-6610CA50D284}
	EndGlobalSection
EndGlobal
